
Microsoft Visual Studio Solution File, Format Version 12.00
# Visual Studio Version 16
VisualStudioVersion = 16.0.33130.400
MinimumVisualStudioVersion = 10.0.40219.1
Project("{8BC9CEB8-8B4A-11D0-8D11-00A0C91BC942}") = "SandBox", "SandBox\SandBox.vcxproj", "{A2EEC202-DDD9-4CED-91E5-5BD1E2BC2650}"
EndProject
Project("{8BC9CEB8-8B4A-11D0-8D11-00A0C91BC942}") = "Hazel", "Hazel\Hazel.vcxproj", "{48830C88-0CE8-4F6F-8404-10C0711ED323}"
EndProject
Global
	GlobalSection(SolutionConfigurationPlatforms) = preSolution
		Debug|x64 = Debug|x64
		Release|x64 = Release|x64
	EndGlobalSection
	GlobalSection(ProjectConfigurationPlatforms) = postSolution
		{A2EEC202-DDD9-4CED-91E5-5BD1E2BC2650}.Debug|x64.ActiveCfg = Debug|x64
		{A2EEC202-DDD9-4CED-91E5-5BD1E2BC2650}.Debug|x64.Build.0 = Debug|x64
		{A2EEC202-DDD9-4CED-91E5-5BD1E2BC2650}.Release|x64.ActiveCfg = Release|x64
		{A2EEC202-DDD9-4CED-91E5-5BD1E2BC2650}.Release|x64.Build.0 = Release|x64
		{48830C88-0CE8-4F6F-8404-10C0711ED323}.Debug|x64.ActiveCfg = Debug|x64
		{48830C88-0CE8-4F6F-8404-10C0711ED323}.Debug|x64.Build.0 = Debug|x64
		{48830C88-0CE8-4F6F-8404-10C0711ED323}.Release|x64.ActiveCfg = Release|x64
		{48830C88-0CE8-4F6F-8404-10C0711ED323}.Release|x64.Build.0 = Release|x64
	EndGlobalSection
	GlobalSection(SolutionProperties) = preSolution
		HideSolutionNode = FALSE
	EndGlobalSection
	GlobalSection(ExtensibilityGlobals) = postSolution
		SolutionGuid = {BCCE7466-E54A-4407-AF49-1B236DA1A036}
	EndGlobalSection
EndGlobal
